
Microsoft Visual Studio Solution File, Format Version 12.00
# Visual Studio Version 17
VisualStudioVersion = 17.11.35222.181
MinimumVisualStudioVersion = 10.0.40219.1
Project("{FAE04EC0-301F-11D3-BF4B-00C04F79EFBC}") = "AbstractFabryc", "AbstractFabryc\AbstractFabryc.csproj", "{91726482-1D5B-4ED4-919B-6D55B0C11AAD}"
EndProject
Global
	GlobalSection(SolutionConfigurationPlatforms) = preSolution
		Debug|Any CPU = Debug|Any CPU
		Release|Any CPU = Release|Any CPU
	EndGlobalSection
	GlobalSection(ProjectConfigurationPlatforms) = postSolution
		{91726482-1D5B-4ED4-919B-6D55B0C11AAD}.Debug|Any CPU.ActiveCfg = Debug|Any CPU
		{91726482-1D5B-4ED4-919B-6D55B0C11AAD}.Debug|Any CPU.Build.0 = Debug|Any CPU
		{91726482-1D5B-4ED4-919B-6D55B0C11AAD}.Release|Any CPU.ActiveCfg = Release|Any CPU
		{91726482-1D5B-4ED4-919B-6D55B0C11AAD}.Release|Any CPU.Build.0 = Release|Any CPU
	EndGlobalSection
	GlobalSection(SolutionProperties) = preSolution
		HideSolutionNode = FALSE
	EndGlobalSection
	GlobalSection(ExtensibilityGlobals) = postSolution
		SolutionGuid = {048D630E-7AC4-454B-9034-A9343E54CD40}
	EndGlobalSection
EndGlobal
